
Microsoft Visual Studio Solution File, Format Version 12.00
# Visual Studio Version 17
VisualStudioVersion = 17.1.32210.238
MinimumVisualStudioVersion = 10.0.40219.1
Project("{9A19103F-16F7-4668-BE54-9A1E7A4F7556}") = "Task1", "Lab2Csharp\Task1.csproj", "{8B9341F1-2C1A-4C19-BBF2-B2F03B299E90}"
EndProject
Project("{9A19103F-16F7-4668-BE54-9A1E7A4F7556}") = "Task2", "Task2\Task2.csproj", "{143BEE88-D3F8-4C16-B591-846F4B720233}"
EndProject
Project("{FAE04EC0-301F-11D3-BF4B-00C04F79EFBC}") = "task3-", "task3-\task3-.csproj", "{207075C7-BEDD-402B-BF12-A1B8EFE8D258}"
EndProject
Global
	GlobalSection(SolutionConfigurationPlatforms) = preSolution
		Debug|Any CPU = Debug|Any CPU
		Release|Any CPU = Release|Any CPU
	EndGlobalSection
	GlobalSection(ProjectConfigurationPlatforms) = postSolution
		{8B9341F1-2C1A-4C19-BBF2-B2F03B299E90}.Debug|Any CPU.ActiveCfg = Debug|Any CPU
		{8B9341F1-2C1A-4C19-BBF2-B2F03B299E90}.Debug|Any CPU.Build.0 = Debug|Any CPU
		{8B9341F1-2C1A-4C19-BBF2-B2F03B299E90}.Release|Any CPU.ActiveCfg = Release|Any CPU
		{8B9341F1-2C1A-4C19-BBF2-B2F03B299E90}.Release|Any CPU.Build.0 = Release|Any CPU
		{143BEE88-D3F8-4C16-B591-846F4B720233}.Debug|Any CPU.ActiveCfg = Debug|Any CPU
		{143BEE88-D3F8-4C16-B591-846F4B720233}.Debug|Any CPU.Build.0 = Debug|Any CPU
		{143BEE88-D3F8-4C16-B591-846F4B720233}.Release|Any CPU.ActiveCfg = Release|Any CPU
		{143BEE88-D3F8-4C16-B591-846F4B720233}.Release|Any CPU.Build.0 = Release|Any CPU
		{207075C7-BEDD-402B-BF12-A1B8EFE8D258}.Debug|Any CPU.ActiveCfg = Debug|Any CPU
		{207075C7-BEDD-402B-BF12-A1B8EFE8D258}.Debug|Any CPU.Build.0 = Debug|Any CPU
		{207075C7-BEDD-402B-BF12-A1B8EFE8D258}.Release|Any CPU.ActiveCfg = Release|Any CPU
		{207075C7-BEDD-402B-BF12-A1B8EFE8D258}.Release|Any CPU.Build.0 = Release|Any CPU
	EndGlobalSection
	GlobalSection(SolutionProperties) = preSolution
		HideSolutionNode = FALSE
	EndGlobalSection
	GlobalSection(ExtensibilityGlobals) = postSolution
		SolutionGuid = {FD147B88-833C-47AB-8292-F29CC8CF9ADE}
	EndGlobalSection
EndGlobal
